
Microsoft Visual Studio Solution File, Format Version 12.00
# Visual Studio Version 16
VisualStudioVersion = 16.0.30320.27
MinimumVisualStudioVersion = 10.0.40219.1
Project("{FAE04EC0-301F-11D3-BF4B-00C04F79EFBC}") = "NameSorter", "NameSorter.csproj", "{22A654CC-1510-4917-936F-AB6ABCDC4C27}"
EndProject
Global
	GlobalSection(SolutionConfigurationPlatforms) = preSolution
		Debug|Any CPU = Debug|Any CPU
		Release|Any CPU = Release|Any CPU
	EndGlobalSection
	GlobalSection(ProjectConfigurationPlatforms) = postSolution
		{22A654CC-1510-4917-936F-AB6ABCDC4C27}.Debug|Any CPU.ActiveCfg = Debug|Any CPU
		{22A654CC-1510-4917-936F-AB6ABCDC4C27}.Debug|Any CPU.Build.0 = Debug|Any CPU
		{22A654CC-1510-4917-936F-AB6ABCDC4C27}.Release|Any CPU.ActiveCfg = Release|Any CPU
		{22A654CC-1510-4917-936F-AB6ABCDC4C27}.Release|Any CPU.Build.0 = Release|Any CPU
	EndGlobalSection
	GlobalSection(SolutionProperties) = preSolution
		HideSolutionNode = FALSE
	EndGlobalSection
	GlobalSection(ExtensibilityGlobals) = postSolution
		SolutionGuid = {95FF34E7-A385-43FA-A837-B215C9A6543B}
	EndGlobalSection
EndGlobal
